<Solution>
  <Folder Name="/Bodu.Text.Formats/">
    <Project Path="Bodu.Text.Formats/bench/Bodu.Text.Formats.Benchmarks.csproj">
      <Build Solution="Debug|*" Project="false" />
    </Project>
    <Project Path="Bodu.Text.Formats/src/Bodu.Text.Formats.csproj" />
    <Project Path="Bodu.Text.Formats/test/Bodu.Text.Formats.Test.csproj" />
  </Folder>
  <Folder Name="/Solution Items/">
    <File Path="bld\Bodu.props" />
  </Folder>
  <Folder Name="/Bodu.Core/">
    <Project Path="Bodu.Core\src\Bodu.Core.csproj" />
    <Project Path="Bodu.Core\test\Bodu.Core.Test.csproj" />
  </Folder>
  <Folder Name="/Bodu.Globalization.Calendar/">
    <Project Path="Bodu.Globalization.Calendar.Builder\src\Bodu.Globalization.Calendar.Builder.csproj" />
    <Project Path="Bodu.Globalization.Calendar.Builder\test\Bodu.Globalization.Calendar.Builder.Test.csproj" />
    <Project Path="Bodu.Globalization.Calendar.Data.Americas\src\Bodu.Globalization.Calendar.Data.Americas.csproj" />
    <Project Path="Bodu.Globalization.Calendar.Data.Americas\test\Bodu.Globalization.Calendar.Data.Americas.Test.csproj" />
    <Project Path="Bodu.Globalization.Calendar.Data.AsiaPacific\src\Bodu.Globalization.Calendar.Data.AsiaPacific.csproj" />
    <Project Path="Bodu.Globalization.Calendar.Data.AsiaPacific\test\Bodu.Globalization.Calendar.Data.AsiaPacific.Test.csproj" />
    <Project Path="Bodu.Globalization.Calendar.Data.Europe\src\Bodu.Globalization.Calendar.Data.Europe.csproj" />
    <Project Path="Bodu.Globalization.Calendar.Data.Europe\test\Bodu.Globalization.Calendar.Data.Europe.Test.csproj" />
    <Project Path="Bodu.Globalization.Calendar.DependencyInjection/src/Bodu.Globalization.Calendar.DependencyInjection.csproj" />
    <Project Path="Bodu.Globalization.Calendar.DependencyInjection/test/Bodu.Globalization.Calendar.DependencyInjection.Test.csproj" />
    <Project Path="Bodu.Globalization.Calendar\src\Bodu.Globalization.Calendar.csproj" />
    <Project Path="Bodu.Globalization.Calendar\test-plugins\Globalization.Calendar.Plugin1.TestAssembly\Bodu.Globalization.Calendar.Plugin1.TestAssembly.csproj" />
    <Project Path="Bodu.Globalization.Calendar\test-plugins\Globalization.Calendar.Plugin2.TestAssembly\Bodu.Globalization.Calendar.Plugin2.TestAssembly.csproj" />
    <Project Path="Bodu.Globalization.Calendar\test-plugins\Globalization.Calendar.Plugin3.TestAssembly\Bodu.Globalization.Calendar.Plugin3.TestAssembly.csproj" />
    <Project Path="Bodu.Globalization.Calendar\test-plugins\Globalization.Calendar.Plugin4.TestAssembly\Bodu.Globalization.Calendar.Plugin4.TestAssembly.csproj" />
    <Project Path="Bodu.Globalization.Calendar\test\Bodu.Globalization.Calendar.Test.csproj" />
  </Folder>
  <Folder Name="/Bodu.IO.Hashing/">
    <Project Path="Bodu.IO.Hashing\src\Bodu.IO.Hashing.csproj" />
    <Project Path="Bodu.IO.Hashing\test\Bodu.IO.Hashing.Test.csproj" />
  </Folder>
  <Folder Name="/Bodu.Numerics/">
    <Project Path="Bodu.Numerics\src\Bodu.Numerics.csproj" />
    <Project Path="Bodu.Numerics\test\Bodu.Numerics.Test.csproj" />
  </Folder>
  <Folder Name="/Bodu.Security.Cryptography/">
    <Project Path="Bodu.Security.Cryptography\src\Bodu.Security.Cryptography.csproj" />
    <Project Path="Bodu.Security.Cryptography\test\Bodu.Security.Cryptography.Test.csproj" />
    <Project Path="Bodu.Security.Cryptography\bench\Bodu.Security.Cryptography.Benchmarks.csproj" />
  </Folder>
  <Folder Name="/Bodu.Text.Encoding/">
    <Project Path="Bodu.Text.Encoding/bench/Bodu.Text.Encoding.Benchmarks.csproj">
      <Build Solution="Debug|*" Project="false" />
    </Project>
    <Project Path="Bodu.Text.Encoding\src\Bodu.Text.Encoding.csproj" />
    <Project Path="Bodu.Text.Encoding\test\Bodu.Text.Encoding.Test.csproj" />
  </Folder>
  <Folder Name="/Bodu.Text.Configuration/">
    <Project Path="Bodu.Text.Configuration\src\Bodu.Text.Configuration.csproj" />
    <Project Path="Bodu.Text.Configuration\test\Bodu.Text.Configuration.Test.csproj" />
  </Folder>
  <Folder Name="/Bodu.Extensions.Configuration.Text/">
    <Project Path="Bodu.Extensions.Configuration.Text\src\Bodu.Extensions.Configuration.Text.csproj" />
    <Project Path="Bodu.Extensions.Configuration.Text\test\Bodu.Extensions.Configuration.Text.Test.csproj" />
  </Folder>
  <Project Path="bc-csharp\crypto\src\BouncyCastle.Crypto.csproj" />
  <Project Path="Bodu.Test\test\Bodu.Test.csproj" />
  <Project Path="ConsoleApp2\ConsoleApp2.csproj" />
  <Project Path="docs\doc.csproj" />
</Solution>
