<Solution>
  <Folder Name="/Bodu.Text.Formats/">
    <Project Path="Bodu.Text.Formats/bench/Bodu.Text.Formats.Benchmarks.csproj">
      <Build Solution="Debug|*" Project="false" />
    </Project>
    <Project Path="Bodu.Text.Formats/src/Bodu.Text.Formats.csproj" />
    <Project Path="Bodu.Text.Formats/test/Bodu.Text.Formats.Test.csproj" />
  </Folder>
  <Folder Name="/Bodu.Text.Bencode/">
    <Project Path="Bodu.Text.Bencode/src/Bodu.Text.Bencode.csproj" />
    <Project Path="Bodu.Text.Bencode/test/Bodu.Text.Bencode.Test.csproj" />
  </Folder>
  <Folder Name="/Bodu.Text.Toml/">
    <Project Path="Bodu.Text.Toml/src/Bodu.Text.Toml.csproj" />
    <Project Path="Bodu.Text.Toml/test/Bodu.Text.Toml.Test.csproj" />
  </Folder>
  <Folder Name="/Solution Items/">
    <File Path="bld\Bodu.props" />
    <File Path="bld\CompanyDetails.props" />
    <File Path="bld\Copyright.props" />
    <File Path="bld\Versioning.props" />
    <File Path="bld\TargetFrameworks.props" />
    <File Path="bld\Compiler.props" />
    <File Path="bld\Packaging.props" />
    <File Path="bld\SourceLink.props" />
    <File Path="bld\Signing.props" />
    <File Path="bld\Analyzers.props" />
    <File Path="bld\InternalsVisibleTo.targets" />
  </Folder>
  <Folder Name="/Bodu.Core/">
    <Project Path="Bodu.Core\src\Bodu.Core.csproj" />
    <Project Path="Bodu.Core\test\Bodu.Core.Test.csproj" />
  </Folder>
  <Folder Name="/Bodu.Globalization.Calendar/">
    <Project Path="Bodu.Globalization.Calendar.Builder\src\Bodu.Globalization.Calendar.Builder.csproj" />
    <Project Path="Bodu.Globalization.Calendar.Builder\test\Bodu.Globalization.Calendar.Builder.Test.csproj" />
    <Project Path="Bodu.Globalization.Calendar.DependencyInjection\src\Bodu.Globalization.Calendar.DependencyInjection.csproj" />
    <Project Path="Bodu.Globalization.Calendar.DependencyInjection\test\Bodu.Globalization.Calendar.DependencyInjection.Test.csproj" />
    <Project Path="Bodu.Globalization.Calendar.Plugins\src\Bodu.Globalization.Calendar.Plugins.csproj" />
    <Project Path="Bodu.Globalization.Calendar.Plugins\test\Bodu.Globalization.Calendar.Plugins.Test.csproj" />
    <Project Path="Bodu.Globalization.Calendar\src\Bodu.Globalization.Calendar.csproj" />
    <Project Path="Bodu.Globalization.Calendar\test\Bodu.Globalization.Calendar.Test.csproj" />
  </Folder>
  <Folder Name="/Bodu.Globalization.Calendar/Bodu.Globalization.Calendar.Data/">
    <Project Path="Bodu.Globalization.Calendar.Data/Bodu.Globalization.Calendar.Data.Test.Common/Bodu.Globalization.Calendar.Data.Test.Common.csproj" />
    <Project Path="Bodu.Globalization.Calendar.Data/Bodu.Globalization.Calendar.Africa/src/Bodu.Globalization.Calendar.Africa.csproj">
      <Build Solution="Debug|*" Project="false" />
    </Project>
    <Project Path="Bodu.Globalization.Calendar.Data/Bodu.Globalization.Calendar.Africa/test/Bodu.Globalization.Calendar.Africa.Test.csproj">
      <Build Solution="Debug|*" Project="false" />
    </Project>
    <Project Path="Bodu.Globalization.Calendar.Data/Bodu.Globalization.Calendar.Americas/src/Bodu.Globalization.Calendar.Americas.csproj" />
    <Project Path="Bodu.Globalization.Calendar.Data/Bodu.Globalization.Calendar.Americas/test/Bodu.Globalization.Calendar.Americas.Test.csproj" />
    <Project Path="Bodu.Globalization.Calendar.Data/Bodu.Globalization.Calendar.AsiaPacific/src/Bodu.Globalization.Calendar.AsiaPacific.csproj" />
    <Project Path="Bodu.Globalization.Calendar.Data/Bodu.Globalization.Calendar.AsiaPacific/test/Bodu.Globalization.Calendar.AsiaPacific.Test.csproj" />
    <Project Path="Bodu.Globalization.Calendar.Data/Bodu.Globalization.Calendar.Europe/src/Bodu.Globalization.Calendar.Europe.csproj" />
    <Project Path="Bodu.Globalization.Calendar.Data/Bodu.Globalization.Calendar.Europe/test/Bodu.Globalization.Calendar.Europe.Test.csproj" />
    <Project Path="Bodu.Globalization.Calendar.Data/Bodu.Globalization.Calendar.MiddleEast/src/Bodu.Globalization.Calendar.MiddleEast.csproj">
      <Build Solution="Debug|*" Project="false" />
    </Project>
    <Project Path="Bodu.Globalization.Calendar.Data/Bodu.Globalization.Calendar.MiddleEast/test/Bodu.Globalization.Calendar.MiddleEast.Test.csproj">
      <Build Solution="Debug|*" Project="false" />
    </Project>
  </Folder>
  <Folder Name="/Bodu.IO.Hashing/">
    <Project Path="Bodu.IO.Hashing\src\Bodu.IO.Hashing.csproj" />
    <Project Path="Bodu.IO.Hashing\test\Bodu.IO.Hashing.Test.csproj" />
  </Folder>
  <Folder Name="/Bodu.IO.Compound/">
    <Project Path="Bodu.IO.Compound/src/Bodu.IO.Compound.csproj" />
    <Project Path="Bodu.IO.Compound/test/Bodu.IO.Compound.Test.csproj" />
  </Folder>
  <Folder Name="/Bodu.Financial/Providers/" />
  <Folder Name="/Bodu.Financial/Providers/Bodu.Financial.ExchangeRates.Boe.DependencyInjection/">
    <Project Path="Bodu.Financial.ExchangeRates.Boe.DependencyInjection/src/Bodu.Financial.ExchangeRates.Boe.DependencyInjection.csproj" />
    <Project Path="Bodu.Financial.ExchangeRates.Boe.DependencyInjection/test/Bodu.Financial.ExchangeRates.Boe.DependencyInjection.Test.csproj" />
  </Folder>
  <Folder Name="/Bodu.Financial/Providers/Bodu.Financial.ExchangeRates.Boe/">
    <Project Path="Bodu.Financial.ExchangeRates.Boe/src/Bodu.Financial.ExchangeRates.Boe.csproj" />
    <Project Path="Bodu.Financial.ExchangeRates.Boe/test/Bodu.Financial.ExchangeRates.Boe.Test.csproj" />
  </Folder>
  <Folder Name="/Bodu.Financial/Providers/Bodu.Financial.ExchangeRates.Caching.DependencyInjection/">
    <Project Path="Bodu.Financial.ExchangeRates.Caching.DependencyInjection/src/Bodu.Financial.ExchangeRates.Caching.DependencyInjection.csproj" />
    <Project Path="Bodu.Financial.ExchangeRates.Caching.DependencyInjection/test/Bodu.Financial.ExchangeRates.Caching.DependencyInjection.Test.csproj" />
  </Folder>
  <Folder Name="/Bodu.Financial/Providers/Bodu.Financial.ExchangeRates.Caching.Distributed.DependencyInjection/">
    <Project Path="Bodu.Financial.ExchangeRates.Caching.Distributed.DependencyInjection/src/Bodu.Financial.ExchangeRates.Caching.Distributed.DependencyInjection.csproj" />
    <Project Path="Bodu.Financial.ExchangeRates.Caching.Distributed.DependencyInjection/test/Bodu.Financial.ExchangeRates.Caching.Distributed.DependencyInjection.Test.csproj" />
  </Folder>
  <Folder Name="/Bodu.Financial/Providers/Bodu.Financial.ExchangeRates.Caching.Distributed/">
    <Project Path="Bodu.Financial.ExchangeRates.Caching.Distributed/src/Bodu.Financial.ExchangeRates.Caching.Distributed.csproj" />
    <Project Path="Bodu.Financial.ExchangeRates.Caching.Distributed/test/Bodu.Financial.ExchangeRates.Caching.Distributed.Test.csproj" />
  </Folder>
  <Folder Name="/Bodu.Financial/Providers/Bodu.Financial.ExchangeRates.Caching.Sqlite.DependencyInjection/">
    <Project Path="Bodu.Financial.ExchangeRates.Caching.Sqlite.DependencyInjection/src/Bodu.Financial.ExchangeRates.Caching.Sqlite.DependencyInjection.csproj" />
    <Project Path="Bodu.Financial.ExchangeRates.Caching.Sqlite.DependencyInjection/test/Bodu.Financial.ExchangeRates.Caching.Sqlite.DependencyInjection.Test.csproj" />
  </Folder>
  <Folder Name="/Bodu.Financial/Providers/Bodu.Financial.ExchangeRates.Caching.Sqlite/">
    <Project Path="Bodu.Financial.ExchangeRates.Caching.Sqlite/src/Bodu.Financial.ExchangeRates.Caching.Sqlite.csproj" />
    <Project Path="Bodu.Financial.ExchangeRates.Caching.Sqlite/test/Bodu.Financial.ExchangeRates.Caching.Sqlite.Test.csproj" />
  </Folder>
  <Folder Name="/Bodu.Financial/Providers/Bodu.Financial.ExchangeRates.Caching/">
    <Project Path="Bodu.Financial.ExchangeRates.Caching/src/Bodu.Financial.ExchangeRates.Caching.csproj" />
    <Project Path="Bodu.Financial.ExchangeRates.Caching/test/Bodu.Financial.ExchangeRates.Caching.Test.csproj" />
  </Folder>
  <Folder Name="/Bodu.Financial/Providers/Bodu.Financial.ExchangeRates.Ecb.DependencyInjection/">
    <Project Path="Bodu.Financial.ExchangeRates.Ecb.DependencyInjection/src/Bodu.Financial.ExchangeRates.Ecb.DependencyInjection.csproj" />
    <Project Path="Bodu.Financial.ExchangeRates.Ecb.DependencyInjection/test/Bodu.Financial.ExchangeRates.Ecb.DependencyInjection.Test.csproj" />
  </Folder>
  <Folder Name="/Bodu.Financial/Providers/Bodu.Financial.ExchangeRates.Ecb/">
    <Project Path="Bodu.Financial.ExchangeRates.Ecb/src/Bodu.Financial.ExchangeRates.Ecb.csproj" />
    <Project Path="Bodu.Financial.ExchangeRates.Ecb/test/Bodu.Financial.ExchangeRates.Ecb.Test.csproj" />
  </Folder>
  <Folder Name="/Bodu.Financial/Providers/Bodu.Financial.ExchangeRates.Rba.DependencyInjection/">
    <Project Path="Bodu.Financial.ExchangeRates.Rba.DependencyInjection/src/Bodu.Financial.ExchangeRates.Rba.DependencyInjection.csproj" />
    <Project Path="Bodu.Financial.ExchangeRates.Rba.DependencyInjection/test/Bodu.Financial.ExchangeRates.Rba.DependencyInjection.Test.csproj" />
  </Folder>
  <Folder Name="/Bodu.Financial/Providers/Bodu.Financial.ExchangeRates.Rba/">
    <Project Path="Bodu.Financial.ExchangeRates.Rba/src/Bodu.Financial.ExchangeRates.Rba.csproj" />
    <Project Path="Bodu.Financial.ExchangeRates.Rba/test/Bodu.Financial.ExchangeRates.Rba.Test.csproj" />
  </Folder>
  <Folder Name="/Bodu.Financial/Providers/Bodu.Financial.ExchangeRates.Yahoo.DependencyInjection/">
    <Project Path="Bodu.Financial.ExchangeRates.Yahoo.DependencyInjection/src/Bodu.Financial.ExchangeRates.Yahoo.DependencyInjection.csproj" />
    <Project Path="Bodu.Financial.ExchangeRates.Yahoo.DependencyInjection/test/Bodu.Financial.ExchangeRates.Yahoo.DependencyInjection.Test.csproj" />
  </Folder>
  <Folder Name="/Bodu.Financial/Providers/Bodu.Financial.ExchangeRates.Yahoo/">
    <Project Path="Bodu.Financial.ExchangeRates.Yahoo/src/Bodu.Financial.ExchangeRates.Yahoo.csproj" />
    <Project Path="Bodu.Financial.ExchangeRates.Yahoo/test/Bodu.Financial.ExchangeRates.Yahoo.Test.csproj" />
  </Folder>
  <Folder Name="/Bodu.Formats.Excel.Binary/">
    <Project Path="Bodu.Formats.Excel.Binary/src/Bodu.Formats.Excel.Binary.csproj" />
    <Project Path="Bodu.Formats.Excel.Binary/test/Bodu.Formats.Excel.Binary.Test.csproj" />
  </Folder>
  <Folder Name="/Bodu.Numerics/">
    <Project Path="Bodu.Numerics\src\Bodu.Numerics.csproj" />
    <Project Path="Bodu.Numerics\test\Bodu.Numerics.Test.csproj" />
  </Folder>
  <Folder Name="/Bodu.Financial/">
    <Project Path="Bodu.Financial\bench\Bodu.Financial.Benchmarks.csproj">
      <Build Solution="Debug|*" Project="false" />
    </Project>
    <Project Path="Bodu.Financial\src\Bodu.Financial.csproj" />
    <Project Path="Bodu.Financial\test\Bodu.Financial.Test.csproj" />
  </Folder>
  <Folder Name="/Bodu.Financial.DependencyInjection/">
    <Project Path="Bodu.Financial.DependencyInjection/src/Bodu.Financial.DependencyInjection.csproj" />
    <Project Path="Bodu.Financial.DependencyInjection/test/Bodu.Financial.DependencyInjection.Test.csproj" />
  </Folder>
  <Folder Name="/Bodu.Security.Cryptography/">
    <Project Path="Bodu.Security.Cryptography\bench\Bodu.Security.Cryptography.Benchmarks.csproj" />
    <Project Path="Bodu.Security.Cryptography\src\Bodu.Security.Cryptography.csproj" />
    <Project Path="Bodu.Security.Cryptography\test\Bodu.Security.Cryptography.Test.csproj" />
  </Folder>
  <Folder Name="/Bodu.Text.Encoding/">
    <Project Path="Bodu.Text.Encoding/bench/Bodu.Text.Encoding.Benchmarks.csproj">
      <Build Solution="Debug|*" Project="false" />
    </Project>
    <Project Path="Bodu.Text.Encoding\src\Bodu.Text.Encoding.csproj" />
    <Project Path="Bodu.Text.Encoding\test\Bodu.Text.Encoding.Test.csproj" />
  </Folder>
  <Folder Name="/Bodu.Text.Configuration/">
    <Project Path="Bodu.Text.Configuration/bench/Bodu.Text.Configuration.Benchmarks.csproj">
      <Build Solution="Debug|*" Project="false" />
    </Project>
    <Project Path="Bodu.Text.Configuration\src\Bodu.Text.Configuration.csproj" />
    <Project Path="Bodu.Text.Configuration\test\Bodu.Text.Configuration.Test.csproj" />
  </Folder>
  <Folder Name="/Bodu.Extensions.Configuration.Text/">
    <Project Path="Bodu.Extensions.Configuration.Text/bench/Bodu.Extensions.Configuration.Text.Benchmarks.csproj">
      <Build Solution="Debug|*" Project="false" />
    </Project>
    <Project Path="Bodu.Extensions.Configuration.Text\src\Bodu.Extensions.Configuration.Text.csproj" />
    <Project Path="Bodu.Extensions.Configuration.Text\test\Bodu.Extensions.Configuration.Text.Test.csproj" />
  </Folder>
  <Project Path="Bodu.Test\test\Bodu.Test.csproj" />
  <Project Path="docs\doc.csproj" />
</Solution>
