
Microsoft Visual Studio Solution File, Format Version 12.00
# Visual Studio Version 18
VisualStudioVersion = 18.3.11527.330
MinimumVisualStudioVersion = 10.0.40219.1
Project("{9A19103F-16F7-4668-BE54-9A1E7A4F7556}") = "Bodu.Core", "Bodu.Core\src\Bodu.Core.csproj", "{F136F92E-234A-4378-AA7C-D392DD080865}"
EndProject
Project("{9A19103F-16F7-4668-BE54-9A1E7A4F7556}") = "Bodu.Core.Test", "Bodu.Core\test\Bodu.Core.Test.csproj", "{4F948CB9-9E56-40E2-8CFA-E5C10CF57C40}"
EndProject
Project("{2150E333-8FDC-42A3-9474-1A3956D46DE8}") = "Solution Items", "Solution Items", "{8E6F805D-8F48-4494-9BEF-4757D7C83648}"
	ProjectSection(SolutionItems) = preProject
		bld\Bodu.props = bld\Bodu.props
	EndProjectSection
EndProject
Project("{9A19103F-16F7-4668-BE54-9A1E7A4F7556}") = "Bodu.Security.Cryptography", "Bodu.Security.Cryptography\src\Bodu.Security.Cryptography.csproj", "{49AEB4D4-DCD1-4526-9963-54CCE14AE5AB}"
EndProject
Project("{9A19103F-16F7-4668-BE54-9A1E7A4F7556}") = "Bodu.Security.Cryptography.Test", "Bodu.Security.Cryptography\test\Bodu.Security.Cryptography.Test.csproj", "{960C5F9E-A46E-482E-891F-C6252D0923C1}"
EndProject
Project("{9A19103F-16F7-4668-BE54-9A1E7A4F7556}") = "Bodu.IO.Hashing", "Bodu.IO.Hashing\src\Bodu.IO.Hashing.csproj", "{7FBA9E51-0D6C-4C5F-A1E4-9D7B3E5A2F11}"
EndProject
Project("{9A19103F-16F7-4668-BE54-9A1E7A4F7556}") = "Bodu.IO.Hashing.Test", "Bodu.IO.Hashing\test\Bodu.IO.Hashing.Test.csproj", "{8C9D0E21-3A4B-4C5D-6E7F-89A0B1C2D3E4}"
EndProject
Project("{9A19103F-16F7-4668-BE54-9A1E7A4F7556}") = "ConsoleApp2", "ConsoleApp2\ConsoleApp2.csproj", "{E76ADB4A-C954-415C-A17F-81787C876381}"
EndProject
Project("{9A19103F-16F7-4668-BE54-9A1E7A4F7556}") = "Bodu.Globalization.Calendar", "Bodu.Globalization.Calendar\src\Bodu.Globalization.Calendar.csproj", "{510FE440-C019-4E70-8138-0DCBDD29CF0C}"
EndProject
Project("{9A19103F-16F7-4668-BE54-9A1E7A4F7556}") = "Bodu.Globalization.Calendar.Test", "Bodu.Globalization.Calendar\test\Bodu.Globalization.Calendar.Test.csproj", "{7D628D91-802A-450A-B65A-67C9396D6188}"
EndProject
Project("{9A19103F-16F7-4668-BE54-9A1E7A4F7556}") = "doc", "docs\doc.csproj", "{6ABC151C-660B-421E-92A6-8A6AAB9448C2}"
EndProject
Project("{9A19103F-16F7-4668-BE54-9A1E7A4F7556}") = "BouncyCastle.Crypto", "bc-csharp\crypto\src\BouncyCastle.Crypto.csproj", "{5E3754E3-7035-4B05-A7D5-CD2666B2C50F}"
EndProject
Project("{9A19103F-16F7-4668-BE54-9A1E7A4F7556}") = "Bodu.Rosyln.CrcSpecGenerator", "Bodu.Roslyn\CrcSpecGenerator\src\Bodu.Rosyln.CrcSpecGenerator.csproj", "{B0C2A1AA-24DB-4DBB-A5D6-7288256E5126}"
EndProject
Project("{FAE04EC0-301F-11D3-BF4B-00C04F79EFBC}") = "Bodu.Test", "Bodu.Test\src\Bodu.Test.csproj", "{9EBAE41A-57E2-C249-63A1-050AE34CCDCD}"
EndProject
Global
	GlobalSection(SolutionConfigurationPlatforms) = preSolution
		Debug|Any CPU = Debug|Any CPU
		Publish|Any CPU = Publish|Any CPU
		Release|Any CPU = Release|Any CPU
	EndGlobalSection
	GlobalSection(ProjectConfigurationPlatforms) = postSolution
		{F136F92E-234A-4378-AA7C-D392DD080865}.Debug|Any CPU.ActiveCfg = Debug|Any CPU
		{F136F92E-234A-4378-AA7C-D392DD080865}.Debug|Any CPU.Build.0 = Debug|Any CPU
		{F136F92E-234A-4378-AA7C-D392DD080865}.Publish|Any CPU.ActiveCfg = Release|Any CPU
		{F136F92E-234A-4378-AA7C-D392DD080865}.Publish|Any CPU.Build.0 = Release|Any CPU
		{F136F92E-234A-4378-AA7C-D392DD080865}.Release|Any CPU.ActiveCfg = Release|Any CPU
		{F136F92E-234A-4378-AA7C-D392DD080865}.Release|Any CPU.Build.0 = Release|Any CPU
		{4F948CB9-9E56-40E2-8CFA-E5C10CF57C40}.Debug|Any CPU.ActiveCfg = Debug|Any CPU
		{4F948CB9-9E56-40E2-8CFA-E5C10CF57C40}.Debug|Any CPU.Build.0 = Debug|Any CPU
		{4F948CB9-9E56-40E2-8CFA-E5C10CF57C40}.Publish|Any CPU.ActiveCfg = Release|Any CPU
		{4F948CB9-9E56-40E2-8CFA-E5C10CF57C40}.Publish|Any CPU.Build.0 = Release|Any CPU
		{4F948CB9-9E56-40E2-8CFA-E5C10CF57C40}.Release|Any CPU.ActiveCfg = Release|Any CPU
		{4F948CB9-9E56-40E2-8CFA-E5C10CF57C40}.Release|Any CPU.Build.0 = Release|Any CPU
		{49AEB4D4-DCD1-4526-9963-54CCE14AE5AB}.Debug|Any CPU.ActiveCfg = Debug|Any CPU
		{49AEB4D4-DCD1-4526-9963-54CCE14AE5AB}.Debug|Any CPU.Build.0 = Debug|Any CPU
		{49AEB4D4-DCD1-4526-9963-54CCE14AE5AB}.Publish|Any CPU.ActiveCfg = Release|Any CPU
		{49AEB4D4-DCD1-4526-9963-54CCE14AE5AB}.Publish|Any CPU.Build.0 = Release|Any CPU
		{49AEB4D4-DCD1-4526-9963-54CCE14AE5AB}.Release|Any CPU.ActiveCfg = Release|Any CPU
		{49AEB4D4-DCD1-4526-9963-54CCE14AE5AB}.Release|Any CPU.Build.0 = Release|Any CPU
		{960C5F9E-A46E-482E-891F-C6252D0923C1}.Debug|Any CPU.ActiveCfg = Debug|Any CPU
		{960C5F9E-A46E-482E-891F-C6252D0923C1}.Debug|Any CPU.Build.0 = Debug|Any CPU
		{960C5F9E-A46E-482E-891F-C6252D0923C1}.Publish|Any CPU.ActiveCfg = Release|Any CPU
		{960C5F9E-A46E-482E-891F-C6252D0923C1}.Publish|Any CPU.Build.0 = Release|Any CPU
		{960C5F9E-A46E-482E-891F-C6252D0923C1}.Release|Any CPU.ActiveCfg = Release|Any CPU
		{960C5F9E-A46E-482E-891F-C6252D0923C1}.Release|Any CPU.Build.0 = Release|Any CPU
		{7FBA9E51-0D6C-4C5F-A1E4-9D7B3E5A2F11}.Debug|Any CPU.ActiveCfg = Debug|Any CPU
		{7FBA9E51-0D6C-4C5F-A1E4-9D7B3E5A2F11}.Debug|Any CPU.Build.0 = Debug|Any CPU
		{7FBA9E51-0D6C-4C5F-A1E4-9D7B3E5A2F11}.Publish|Any CPU.ActiveCfg = Release|Any CPU
		{7FBA9E51-0D6C-4C5F-A1E4-9D7B3E5A2F11}.Publish|Any CPU.Build.0 = Release|Any CPU
		{7FBA9E51-0D6C-4C5F-A1E4-9D7B3E5A2F11}.Release|Any CPU.ActiveCfg = Release|Any CPU
		{7FBA9E51-0D6C-4C5F-A1E4-9D7B3E5A2F11}.Release|Any CPU.Build.0 = Release|Any CPU
		{8C9D0E21-3A4B-4C5D-6E7F-89A0B1C2D3E4}.Debug|Any CPU.ActiveCfg = Debug|Any CPU
		{8C9D0E21-3A4B-4C5D-6E7F-89A0B1C2D3E4}.Debug|Any CPU.Build.0 = Debug|Any CPU
		{8C9D0E21-3A4B-4C5D-6E7F-89A0B1C2D3E4}.Publish|Any CPU.ActiveCfg = Release|Any CPU
		{8C9D0E21-3A4B-4C5D-6E7F-89A0B1C2D3E4}.Publish|Any CPU.Build.0 = Release|Any CPU
		{8C9D0E21-3A4B-4C5D-6E7F-89A0B1C2D3E4}.Release|Any CPU.ActiveCfg = Release|Any CPU
		{8C9D0E21-3A4B-4C5D-6E7F-89A0B1C2D3E4}.Release|Any CPU.Build.0 = Release|Any CPU
		{E76ADB4A-C954-415C-A17F-81787C876381}.Debug|Any CPU.ActiveCfg = Debug|Any CPU
		{E76ADB4A-C954-415C-A17F-81787C876381}.Debug|Any CPU.Build.0 = Debug|Any CPU
		{E76ADB4A-C954-415C-A17F-81787C876381}.Publish|Any CPU.ActiveCfg = Release|Any CPU
		{E76ADB4A-C954-415C-A17F-81787C876381}.Publish|Any CPU.Build.0 = Release|Any CPU
		{E76ADB4A-C954-415C-A17F-81787C876381}.Release|Any CPU.ActiveCfg = Release|Any CPU
		{E76ADB4A-C954-415C-A17F-81787C876381}.Release|Any CPU.Build.0 = Release|Any CPU
		{510FE440-C019-4E70-8138-0DCBDD29CF0C}.Debug|Any CPU.ActiveCfg = Debug|Any CPU
		{510FE440-C019-4E70-8138-0DCBDD29CF0C}.Debug|Any CPU.Build.0 = Debug|Any CPU
		{510FE440-C019-4E70-8138-0DCBDD29CF0C}.Publish|Any CPU.ActiveCfg = Release|Any CPU
		{510FE440-C019-4E70-8138-0DCBDD29CF0C}.Release|Any CPU.ActiveCfg = Release|Any CPU
		{510FE440-C019-4E70-8138-0DCBDD29CF0C}.Release|Any CPU.Build.0 = Release|Any CPU
		{7D628D91-802A-450A-B65A-67C9396D6188}.Debug|Any CPU.ActiveCfg = Debug|Any CPU
		{7D628D91-802A-450A-B65A-67C9396D6188}.Debug|Any CPU.Build.0 = Debug|Any CPU
		{7D628D91-802A-450A-B65A-67C9396D6188}.Publish|Any CPU.ActiveCfg = Release|Any CPU
		{7D628D91-802A-450A-B65A-67C9396D6188}.Release|Any CPU.ActiveCfg = Release|Any CPU
		{7D628D91-802A-450A-B65A-67C9396D6188}.Release|Any CPU.Build.0 = Release|Any CPU
		{6ABC151C-660B-421E-92A6-8A6AAB9448C2}.Debug|Any CPU.ActiveCfg = Debug|Any CPU
		{6ABC151C-660B-421E-92A6-8A6AAB9448C2}.Debug|Any CPU.Build.0 = Debug|Any CPU
		{6ABC151C-660B-421E-92A6-8A6AAB9448C2}.Publish|Any CPU.ActiveCfg = Release|Any CPU
		{6ABC151C-660B-421E-92A6-8A6AAB9448C2}.Release|Any CPU.ActiveCfg = Release|Any CPU
		{6ABC151C-660B-421E-92A6-8A6AAB9448C2}.Release|Any CPU.Build.0 = Release|Any CPU
		{5E3754E3-7035-4B05-A7D5-CD2666B2C50F}.Debug|Any CPU.ActiveCfg = Debug|Any CPU
		{5E3754E3-7035-4B05-A7D5-CD2666B2C50F}.Debug|Any CPU.Build.0 = Debug|Any CPU
		{5E3754E3-7035-4B05-A7D5-CD2666B2C50F}.Publish|Any CPU.ActiveCfg = Publish|Any CPU
		{5E3754E3-7035-4B05-A7D5-CD2666B2C50F}.Publish|Any CPU.Build.0 = Publish|Any CPU
		{5E3754E3-7035-4B05-A7D5-CD2666B2C50F}.Release|Any CPU.ActiveCfg = Release|Any CPU
		{5E3754E3-7035-4B05-A7D5-CD2666B2C50F}.Release|Any CPU.Build.0 = Release|Any CPU
		{B0C2A1AA-24DB-4DBB-A5D6-7288256E5126}.Debug|Any CPU.ActiveCfg = Debug|Any CPU
		{B0C2A1AA-24DB-4DBB-A5D6-7288256E5126}.Debug|Any CPU.Build.0 = Debug|Any CPU
		{B0C2A1AA-24DB-4DBB-A5D6-7288256E5126}.Publish|Any CPU.ActiveCfg = Debug|Any CPU
		{B0C2A1AA-24DB-4DBB-A5D6-7288256E5126}.Publish|Any CPU.Build.0 = Debug|Any CPU
		{B0C2A1AA-24DB-4DBB-A5D6-7288256E5126}.Release|Any CPU.ActiveCfg = Release|Any CPU
		{B0C2A1AA-24DB-4DBB-A5D6-7288256E5126}.Release|Any CPU.Build.0 = Release|Any CPU
		{9EBAE41A-57E2-C249-63A1-050AE34CCDCD}.Debug|Any CPU.ActiveCfg = Debug|Any CPU
		{9EBAE41A-57E2-C249-63A1-050AE34CCDCD}.Debug|Any CPU.Build.0 = Debug|Any CPU
		{9EBAE41A-57E2-C249-63A1-050AE34CCDCD}.Publish|Any CPU.ActiveCfg = Release|Any CPU
		{9EBAE41A-57E2-C249-63A1-050AE34CCDCD}.Publish|Any CPU.Build.0 = Release|Any CPU
		{9EBAE41A-57E2-C249-63A1-050AE34CCDCD}.Release|Any CPU.ActiveCfg = Release|Any CPU
		{9EBAE41A-57E2-C249-63A1-050AE34CCDCD}.Release|Any CPU.Build.0 = Release|Any CPU
	EndGlobalSection
	GlobalSection(SolutionProperties) = preSolution
		HideSolutionNode = FALSE
	EndGlobalSection
	GlobalSection(ExtensibilityGlobals) = postSolution
		SolutionGuid = {A5DB81C5-C549-4C3B-9163-CD74574A9D51}
	EndGlobalSection
EndGlobal
