<Solution>
  <Folder Name="/Bodu.Text.Formats/">
    <Project Path="Bodu.Text.Formats/bench/Bodu.Text.Formats.Benchmarks.csproj">
      <Build Solution="Debug|*" Project="false" />
    </Project>
    <Project Path="Bodu.Text.Formats/src/Bodu.Text.Formats.csproj" />
    <Project Path="Bodu.Text.Formats/test/Bodu.Text.Formats.Test.csproj" />
  </Folder>
  <Folder Name="/Bodu.Text.Serialization/">
    <Project Path="Bodu.Text.Serialization/src/Bodu.Text.Serialization.csproj" />
  </Folder>
  <Folder Name="/Bodu.Text.Bencode/">
    <Project Path="Bodu.Text.Bencode/src/Bodu.Text.Bencode.csproj" />
    <Project Path="Bodu.Text.Bencode/test/Bodu.Text.Bencode.Test.csproj" />
  </Folder>
  <Folder Name="/Bodu.Text.Toml/">
    <Project Path="Bodu.Text.Toml/src/Bodu.Text.Toml.csproj" />
    <Project Path="Bodu.Text.Toml/test/Bodu.Text.Toml.Test.csproj" />
  </Folder>
  <Folder Name="/Bodu.Text.Yaml/">
    <Project Path="Bodu.Text.Yaml/src/Bodu.Text.Yaml.csproj" />
    <Project Path="Bodu.Text.Yaml/test/Bodu.Text.Yaml.Test.csproj" />
  </Folder>
  <Folder Name="/Solution Items/">
    <File Path="bld\Bodu.props" />
    <File Path="bld\CompanyDetails.props" />
    <File Path="bld\Copyright.props" />
    <File Path="bld\Versioning.props" />
    <File Path="bld\TargetFrameworks.props" />
    <File Path="bld\Compiler.props" />
    <File Path="bld\Packaging.props" />
    <File Path="bld\SourceLink.props" />
    <File Path="bld\Signing.props" />
    <File Path="bld\Analyzers.props" />
    <File Path="bld\InternalsVisibleTo.targets" />
  </Folder>
  <Folder Name="/Bodu.Collections/">
    <Project Path="Bodu.Collections\src\Bodu.Collections.csproj" />
    <Project Path="Bodu.Collections\test\Bodu.Collections.Test.csproj" />
  </Folder>
  <Folder Name="/Bodu.Collections.Concurrent/">
    <Project Path="Bodu.Collections.Concurrent\src\Bodu.Collections.Concurrent.csproj" />
    <Project Path="Bodu.Collections.Concurrent\test\Bodu.Collections.Concurrent.Test.csproj" />
  </Folder>
  <Folder Name="/Bodu.Core/">
    <Project Path="Bodu.Core\src\Bodu.Core.csproj" />
    <Project Path="Bodu.Core\test\Bodu.Core.Test.csproj" />
  </Folder>
  <Folder Name="/Bodu.Globalization.Calendar/">
    <Project Path="Bodu.Globalization.Calendar.Builder\src\Bodu.Globalization.Calendar.Builder.csproj" />
    <Project Path="Bodu.Globalization.Calendar.Builder\test\Bodu.Globalization.Calendar.Builder.Test.csproj" />
    <Project Path="Bodu.Globalization.Calendar.DependencyInjection\src\Bodu.Globalization.Calendar.DependencyInjection.csproj" />
    <Project Path="Bodu.Globalization.Calendar.DependencyInjection\test\Bodu.Globalization.Calendar.DependencyInjection.Test.csproj" />
    <Project Path="Bodu.Globalization.Calendar.Plugins\src\Bodu.Globalization.Calendar.Plugins.csproj" />
    <Project Path="Bodu.Globalization.Calendar.Plugins\test\Bodu.Globalization.Calendar.Plugins.Test.csproj" />
    <Project Path="Bodu.Globalization.Calendar\src\Bodu.Globalization.Calendar.csproj" />
    <Project Path="Bodu.Globalization.Calendar\test\Bodu.Globalization.Calendar.Test.csproj" />
  </Folder>
  <Folder Name="/Bodu.IO.Hashing/">
    <Project Path="Bodu.IO.Hashing\src\Bodu.IO.Hashing.csproj" />
    <Project Path="Bodu.IO.Hashing\test\Bodu.IO.Hashing.Test.csproj" />
  </Folder>
  <Folder Name="/Bodu.Globalization.Calendar/Caching/">
    <Project Path="Bodu.Globalization.Calendar.Caching/bench/Bodu.Globalization.Calendar.Caching.Benchmarks.csproj">
      <Build Solution="Debug|*" Project="false" />
    </Project>
    <Project Path="Bodu.Globalization.Calendar.Caching.Distributed\src\Bodu.Globalization.Calendar.Caching.Distributed.csproj" />
    <Project Path="Bodu.Globalization.Calendar.Caching.Distributed\test\Bodu.Globalization.Calendar.Caching.Distributed.Test.csproj" />
    <Project Path="Bodu.Globalization.Calendar.Caching.Sqlite\src\Bodu.Globalization.Calendar.Caching.Sqlite.csproj" />
    <Project Path="Bodu.Globalization.Calendar.Caching.Sqlite\test\Bodu.Globalization.Calendar.Caching.Sqlite.Test.csproj" />
    <Project Path="Bodu.Globalization.Calendar.Caching\src\Bodu.Globalization.Calendar.Caching.csproj" />
    <Project Path="Bodu.Globalization.Calendar.Caching\test\Bodu.Globalization.Calendar.Caching.Test.csproj" />
  </Folder>
  <Folder Name="/Bodu.Globalization.Calendar/Data/">
    <Project Path="Bodu.Globalization.Calendar.Data/Bodu.Globalization.Calendar.Africa/src/Bodu.Globalization.Calendar.Africa.csproj" />
    <Project Path="Bodu.Globalization.Calendar.Data/Bodu.Globalization.Calendar.Africa/test/Bodu.Globalization.Calendar.Africa.Test.csproj" />
    <Project Path="Bodu.Globalization.Calendar.Data/Bodu.Globalization.Calendar.Americas/src/Bodu.Globalization.Calendar.Americas.csproj" />
    <Project Path="Bodu.Globalization.Calendar.Data/Bodu.Globalization.Calendar.Americas/test/Bodu.Globalization.Calendar.Americas.Test.csproj" />
    <Project Path="Bodu.Globalization.Calendar.Data/Bodu.Globalization.Calendar.AsiaPacific/src/Bodu.Globalization.Calendar.AsiaPacific.csproj" />
    <Project Path="Bodu.Globalization.Calendar.Data/Bodu.Globalization.Calendar.AsiaPacific/test/Bodu.Globalization.Calendar.AsiaPacific.Test.csproj" />
    <Project Path="Bodu.Globalization.Calendar.Data/Bodu.Globalization.Calendar.Data.Test.Common/Bodu.Globalization.Calendar.Data.Test.Common.csproj" />
    <Project Path="Bodu.Globalization.Calendar.Data/Bodu.Globalization.Calendar.Europe/src/Bodu.Globalization.Calendar.Europe.csproj" />
    <Project Path="Bodu.Globalization.Calendar.Data/Bodu.Globalization.Calendar.Europe/test/Bodu.Globalization.Calendar.Europe.Test.csproj" />
    <Project Path="Bodu.Globalization.Calendar.Data/Bodu.Globalization.Calendar.MiddleEast/src/Bodu.Globalization.Calendar.MiddleEast.csproj" />
    <Project Path="Bodu.Globalization.Calendar.Data/Bodu.Globalization.Calendar.MiddleEast/test/Bodu.Globalization.Calendar.MiddleEast.Test.csproj" />
  </Folder>
  <Folder Name="/Bodu.IO.Compound/">
    <Project Path="Bodu.IO.Compound/src/Bodu.IO.Compound.csproj" />
    <Project Path="Bodu.IO.Compound/test/Bodu.IO.Compound.Test.csproj" />
  </Folder>
  <Folder Name="/Bodu.Financial/Caching/">
    <Project Path="Bodu.Financial.ExchangeRates.Caching/bench/Bodu.Financial.ExchangeRates.Caching.Benchmarks.csproj">
      <Build Solution="Debug|*" Project="false" />
    </Project>
    <Project Path="Bodu.Financial.ExchangeRates.Caching.Distributed/src/Bodu.Financial.ExchangeRates.Caching.Distributed.csproj" />
    <Project Path="Bodu.Financial.ExchangeRates.Caching.Distributed/test/Bodu.Financial.ExchangeRates.Caching.Distributed.Test.csproj" />
    <Project Path="Bodu.Financial.ExchangeRates.Caching.Sqlite/src/Bodu.Financial.ExchangeRates.Caching.Sqlite.csproj" />
    <Project Path="Bodu.Financial.ExchangeRates.Caching.Sqlite/test/Bodu.Financial.ExchangeRates.Caching.Sqlite.Test.csproj" />
    <Project Path="Bodu.Financial.ExchangeRates.Caching/src/Bodu.Financial.ExchangeRates.Caching.csproj" />
    <Project Path="Bodu.Financial.ExchangeRates.Caching/test/Bodu.Financial.ExchangeRates.Caching.Test.csproj" />
  </Folder>
  <Folder Name="/Bodu.Financial/Providers/" />
  <Folder Name="/Bodu.Financial/Providers/Bodu.Financial.ExchangeRates.Boe/">
    <Project Path="Bodu.Financial.ExchangeRates.Boe/src/Bodu.Financial.ExchangeRates.Boe.csproj" />
    <Project Path="Bodu.Financial.ExchangeRates.Boe/test/Bodu.Financial.ExchangeRates.Boe.Test.csproj" />
  </Folder>
  <Folder Name="/Bodu.Financial/Providers/Bodu.Financial.ExchangeRates.Ecb/">
    <Project Path="Bodu.Financial.ExchangeRates.Ecb/src/Bodu.Financial.ExchangeRates.Ecb.csproj" />
    <Project Path="Bodu.Financial.ExchangeRates.Ecb/test/Bodu.Financial.ExchangeRates.Ecb.Test.csproj" />
  </Folder>
  <Folder Name="/Bodu.Financial/Providers/Bodu.Financial.ExchangeRates.Fixer/">
    <Project Path="Bodu.Financial.ExchangeRates.Fixer/src/Bodu.Financial.ExchangeRates.Fixer.csproj" />
    <Project Path="Bodu.Financial.ExchangeRates.Fixer/test/Bodu.Financial.ExchangeRates.Fixer.Test.csproj" />
  </Folder>
  <Folder Name="/Bodu.Financial/Providers/Bodu.Financial.ExchangeRates.Fred/">
    <Project Path="Bodu.Financial.ExchangeRates.Fred/src/Bodu.Financial.ExchangeRates.Fred.csproj" />
    <Project Path="Bodu.Financial.ExchangeRates.Fred/test/Bodu.Financial.ExchangeRates.Fred.Test.csproj" />
  </Folder>
  <Folder Name="/Bodu.Financial/Providers/Bodu.Financial.ExchangeRates.Imf/">
    <Project Path="Bodu.Financial.ExchangeRates.Imf/src/Bodu.Financial.ExchangeRates.Imf.csproj" />
    <Project Path="Bodu.Financial.ExchangeRates.Imf/test/Bodu.Financial.ExchangeRates.Imf.Test.csproj" />
  </Folder>
  <Folder Name="/Bodu.Financial/Providers/Bodu.Financial.ExchangeRates.Oanda/">
    <Project Path="Bodu.Financial.ExchangeRates.Oanda/src/Bodu.Financial.ExchangeRates.Oanda.csproj" />
    <Project Path="Bodu.Financial.ExchangeRates.Oanda/test/Bodu.Financial.ExchangeRates.Oanda.Test.csproj" />
  </Folder>
  <Folder Name="/Bodu.Financial/Providers/Bodu.Financial.ExchangeRates.Ofx/">
    <Project Path="Bodu.Financial.ExchangeRates.Ofx/src/Bodu.Financial.ExchangeRates.Ofx.csproj" />
    <Project Path="Bodu.Financial.ExchangeRates.Ofx/test/Bodu.Financial.ExchangeRates.Ofx.Test.csproj" />
  </Folder>
  <Folder Name="/Bodu.Financial/Providers/Bodu.Financial.ExchangeRates.Rba/">
    <Project Path="Bodu.Financial.ExchangeRates.Rba/src/Bodu.Financial.ExchangeRates.Rba.csproj" />
    <Project Path="Bodu.Financial.ExchangeRates.Rba/test/Bodu.Financial.ExchangeRates.Rba.Test.csproj" />
  </Folder>
  <Folder Name="/Bodu.Financial/Providers/Bodu.Financial.ExchangeRates.Xe/">
    <Project Path="Bodu.Financial.ExchangeRates.Xe/src/Bodu.Financial.ExchangeRates.Xe.csproj" />
    <Project Path="Bodu.Financial.ExchangeRates.Xe/test/Bodu.Financial.ExchangeRates.Xe.Test.csproj" />
  </Folder>
  <Folder Name="/Bodu.Financial/Providers/Bodu.Financial.ExchangeRates.Yahoo/">
    <Project Path="Bodu.Financial.ExchangeRates.Yahoo/src/Bodu.Financial.ExchangeRates.Yahoo.csproj" />
    <Project Path="Bodu.Financial.ExchangeRates.Yahoo/test/Bodu.Financial.ExchangeRates.Yahoo.Test.csproj" />
  </Folder>
  <Folder Name="/Bodu.Formats.Excel.Binary/">
    <Project Path="Bodu.Formats.Excel.Binary/src/Bodu.Formats.Excel.Binary.csproj" />
    <Project Path="Bodu.Formats.Excel.Binary/test/Bodu.Formats.Excel.Binary.Test.csproj" />
  </Folder>
  <Folder Name="/Bodu.Numerics/">
    <Project Path="Bodu.Numerics\aot\Bodu.Numerics.AotSmoke.csproj">
      <Build Solution="Debug|*" Project="false" />
    </Project>
    <Project Path="Bodu.Numerics\src\Bodu.Numerics.csproj" />
    <Project Path="Bodu.Numerics\test\Bodu.Numerics.Test.csproj" />
  </Folder>
  <Folder Name="/Bodu.Numerics.Serialization.Json/">
    <Project Path="Bodu.Numerics.Serialization.Json\src\Bodu.Numerics.Serialization.Json.csproj" />
    <Project Path="Bodu.Numerics.Serialization.Json\test\Bodu.Numerics.Serialization.Json.Test.csproj" />
  </Folder>
  <Folder Name="/Bodu.Financial/">
    <Project Path="Bodu.Financial.ExchangeRates.DependencyInjection/src/Bodu.Financial.ExchangeRates.DependencyInjection.csproj" />
    <Project Path="Bodu.Financial.ExchangeRates.ExchangeRateHost/src/Bodu.Financial.ExchangeRates.ExchangeRateHost.csproj" />
    <Project Path="Bodu.Financial.ExchangeRates.ExchangeRateHost/test/Bodu.Financial.ExchangeRates.ExchangeRateHost.Test.csproj" />
    <Project Path="Bodu.Financial.ExchangeRates.Testing/src/Bodu.Financial.ExchangeRates.Testing.csproj" />
    <Project Path="Bodu.Financial.ExchangeRates/src/Bodu.Financial.ExchangeRates.csproj" />
    <Project Path="Bodu.Financial.ExchangeRates/test/Bodu.Financial.ExchangeRates.Test.csproj" />
    <Project Path="Bodu.Financial\bench\Bodu.Financial.Benchmarks.csproj">
      <Build Solution="Debug|*" Project="false" />
    </Project>
    <Project Path="Bodu.Financial\src\Bodu.Financial.csproj" />
    <Project Path="Bodu.Financial\test\Bodu.Financial.Test.csproj" />
  </Folder>
  <Folder Name="/Bodu.Financial.DependencyInjection/">
    <Project Path="Bodu.Financial.DependencyInjection/src/Bodu.Financial.DependencyInjection.csproj" />
    <Project Path="Bodu.Financial.DependencyInjection/test/Bodu.Financial.DependencyInjection.Test.csproj" />
  </Folder>
  <Folder Name="/Bodu.Financial.Serialization.Json/">
    <Project Path="Bodu.Financial.Serialization.Json/src/Bodu.Financial.Serialization.Json.csproj" />
    <Project Path="Bodu.Financial.Serialization.Json/test/Bodu.Financial.Serialization.Json.Test.csproj" />
  </Folder>
  <Folder Name="/Bodu.Security.Cryptography/">
    <Project Path="Bodu.Security.Cryptography.Simd.Test\test\Bodu.Security.Cryptography.Simd.Test.csproj" />
    <Project Path="Bodu.Security.Cryptography\bench\Bodu.Security.Cryptography.Benchmarks.csproj" />
    <Project Path="Bodu.Security.Cryptography\src\Bodu.Security.Cryptography.csproj" />
    <Project Path="Bodu.Security.Cryptography\test\Bodu.Security.Cryptography.Test.csproj" />
  </Folder>
  <Folder Name="/Bodu.Text.Encoding/">
    <Project Path="Bodu.Text.Encoding/bench/Bodu.Text.Encoding.Benchmarks.csproj">
      <Build Solution="Debug|*" Project="false" />
    </Project>
    <Project Path="Bodu.Text.Encoding\src\Bodu.Text.Encoding.csproj" />
    <Project Path="Bodu.Text.Encoding\test\Bodu.Text.Encoding.Test.csproj" />
  </Folder>
  <Folder Name="/Bodu.Text.Configuration/">
    <Project Path="Bodu.Text.Configuration/bench/Bodu.Text.Configuration.Benchmarks.csproj">
      <Build Solution="Debug|*" Project="false" />
    </Project>
    <Project Path="Bodu.Text.Configuration\src\Bodu.Text.Configuration.csproj" />
    <Project Path="Bodu.Text.Configuration\test\Bodu.Text.Configuration.Test.csproj" />
  </Folder>
  <Folder Name="/Bodu.Extensions.Configuration.Text/">
    <Project Path="Bodu.Extensions.Configuration.Text/bench/Bodu.Extensions.Configuration.Text.Benchmarks.csproj">
      <Build Solution="Debug|*" Project="false" />
    </Project>
    <Project Path="Bodu.Extensions.Configuration.Text\src\Bodu.Extensions.Configuration.Text.csproj" />
    <Project Path="Bodu.Extensions.Configuration.Text\test\Bodu.Extensions.Configuration.Text.Test.csproj" />
  </Folder>
  <Folder Name="/Samples/" />
  <Folder Name="/Samples/Core/">
    <Project Path="samples/Core/Bodu.Core.Samples.CoreToolbox/Bodu.Core.Samples.CoreToolbox.csproj" />
    <Project Path="samples/Core/Bodu.Core.Samples.FunctionalRailway/Bodu.Core.Samples.FunctionalRailway.csproj" />
    <Project Path="samples/Core/Bodu.Core.Samples.TextEncoding/Bodu.Core.Samples.TextEncoding.csproj" />
  </Folder>
  <Folder Name="/Samples/Collections/">
    <Project Path="samples/Collections/Bodu.Collections.Samples.CollectionCatalogue/Bodu.Collections.Samples.CollectionCatalogue.csproj" />
    <Project Path="samples/Collections/Bodu.Collections.Samples.ProbabilisticSketches/Bodu.Collections.Samples.ProbabilisticSketches.csproj" />
    <Project Path="samples/Collections/Bodu.Collections.Samples.RangesGraphsTrees/Bodu.Collections.Samples.RangesGraphsTrees.csproj" />
  </Folder>
  <Folder Name="/Samples/Collections.Concurrent/">
    <Project Path="samples/Collections.Concurrent/Bodu.Collections.Concurrent.Samples.ThreadSafeCollections/Bodu.Collections.Concurrent.Samples.ThreadSafeCollections.csproj" />
  </Folder>
  <Folder Name="/Samples/Financial/">
    <Project Path="samples/Financial/Bodu.Financial.Samples.AggregatedRates/Bodu.Financial.Samples.AggregatedRates.csproj" />
    <Project Path="samples/Financial/Bodu.Financial.Samples.CachedRates/Bodu.Financial.Samples.CachedRates.csproj" />
    <Project Path="samples/Financial/Bodu.Financial.Samples.CurrencyServices/Bodu.Financial.Samples.CurrencyServices.csproj" />
    <Project Path="samples/Financial/Bodu.Financial.Samples.CustomProvider.Test/Bodu.Financial.Samples.CustomProvider.Test.csproj" />
    <Project Path="samples/Financial/Bodu.Financial.Samples.CustomProvider/Bodu.Financial.Samples.CustomProvider.csproj" />
    <Project Path="samples/Financial/Bodu.Financial.Samples.JsonSerialization/Bodu.Financial.Samples.JsonSerialization.csproj" />
    <Project Path="samples/Financial/Bodu.Financial.Samples.LiveRates/Bodu.Financial.Samples.LiveRates.csproj" />
    <Project Path="samples/Financial/Bodu.Financial.Samples.MoneyBasics/Bodu.Financial.Samples.MoneyBasics.csproj" />
    <Project Path="samples/Financial/Bodu.Financial.Samples.OfflineRates/Bodu.Financial.Samples.OfflineRates.csproj" />
    <Project Path="samples/Financial/Bodu.Financial.Samples.UnitPricing/Bodu.Financial.Samples.UnitPricing.csproj" />
  </Folder>
  <Folder Name="/Samples/Globalization.Calendar/">
    <Project Path="samples/Globalization.Calendar/Bodu.Globalization.Calendar.Samples.CustomAlgorithm.Test/Bodu.Globalization.Calendar.Samples.CustomAlgorithm.Test.csproj" />
    <Project Path="samples/Globalization.Calendar/Bodu.Globalization.Calendar.Samples.CustomAlgorithm/Bodu.Globalization.Calendar.Samples.CustomAlgorithm.csproj" />
    <Project Path="samples/Globalization.Calendar/Bodu.Globalization.Calendar.Samples.CustomCalendar/Bodu.Globalization.Calendar.Samples.CustomCalendar.csproj" />
    <Project Path="samples/Globalization.Calendar/Bodu.Globalization.Calendar.Samples.NotableDatesBasics/Bodu.Globalization.Calendar.Samples.NotableDatesBasics.csproj" />
    <Project Path="samples/Globalization.Calendar/Bodu.Globalization.Calendar.Samples.ServiceHosting/Bodu.Globalization.Calendar.Samples.ServiceHosting.csproj" />
    <Project Path="samples/Globalization.Calendar/Bodu.Globalization.Calendar.Samples.WorkingDays/Bodu.Globalization.Calendar.Samples.WorkingDays.csproj" />
  </Folder>
  <Folder Name="/Samples/Formats.Excel/">
    <Project Path="samples/Formats.Excel/Bodu.Formats.Excel.Binary.Samples.ExcelReading/Bodu.Formats.Excel.Binary.Samples.ExcelReading.csproj" />
  </Folder>
  <Folder Name="/Samples/IO.Compound/">
    <Project Path="samples/IO.Compound/Bodu.IO.Compound.Samples.CompoundBasics/Bodu.IO.Compound.Samples.CompoundBasics.csproj" />
  </Folder>
  <Folder Name="/Samples/Numerics/">
    <Project Path="samples/Numerics/Bodu.Numerics.Samples.Fractions/Bodu.Numerics.Samples.Fractions.csproj" />
    <Project Path="samples/Numerics/Bodu.Numerics.Samples.Intervals/Bodu.Numerics.Samples.Intervals.csproj" />
    <Project Path="samples/Numerics/Bodu.Numerics.Samples.JsonConverters/Bodu.Numerics.Samples.JsonConverters.csproj" />
    <Project Path="samples/Numerics/Bodu.Numerics.Samples.StreamingStatistics/Bodu.Numerics.Samples.StreamingStatistics.csproj" />
  </Folder>
  <Folder Name="/Samples/Security.Cryptography/">
    <Project Path="samples/Security.Cryptography/Bodu.Security.Cryptography.Samples.AsymmetricKeys/Bodu.Security.Cryptography.Samples.AsymmetricKeys.csproj" />
    <Project Path="samples/Security.Cryptography/Bodu.Security.Cryptography.Samples.CustomHash.Test/Bodu.Security.Cryptography.Samples.CustomHash.Test.csproj" />
    <Project Path="samples/Security.Cryptography/Bodu.Security.Cryptography.Samples.CustomHash/Bodu.Security.Cryptography.Samples.CustomHash.csproj" />
    <Project Path="samples/Security.Cryptography/Bodu.Security.Cryptography.Samples.HashingMacAndKdf/Bodu.Security.Cryptography.Samples.HashingMacAndKdf.csproj" />
    <Project Path="samples/Security.Cryptography/Bodu.Security.Cryptography.Samples.SymmetricAndAead/Bodu.Security.Cryptography.Samples.SymmetricAndAead.csproj" />
  </Folder>
  <Folder Name="/Samples/IO.Hashing/">
    <Project Path="samples/IO.Hashing/Bodu.IO.Hashing.Samples.CheckDigits/Bodu.IO.Hashing.Samples.CheckDigits.csproj" />
    <Project Path="samples/IO.Hashing/Bodu.IO.Hashing.Samples.ChecksumTour/Bodu.IO.Hashing.Samples.ChecksumTour.csproj" />
    <Project Path="samples/IO.Hashing/Bodu.IO.Hashing.Samples.CustomCheckDigit.Test/Bodu.IO.Hashing.Samples.CustomCheckDigit.Test.csproj" />
    <Project Path="samples/IO.Hashing/Bodu.IO.Hashing.Samples.CustomCheckDigit/Bodu.IO.Hashing.Samples.CustomCheckDigit.csproj" />
  </Folder>
  <Folder Name="/Samples/Text.Bencode/">
    <Project Path="samples/Text.Bencode/Bodu.Text.Bencode.Samples.TorrentFile/Bodu.Text.Bencode.Samples.TorrentFile.csproj" />
  </Folder>
  <Folder Name="/Samples/Text.Configuration/">
    <Project Path="samples/Text.Configuration/Bodu.Extensions.Configuration.Text.Samples.BridgeHosting/Bodu.Extensions.Configuration.Text.Samples.BridgeHosting.csproj" />
    <Project Path="samples/Text.Configuration/Bodu.Text.Configuration.Samples.ConfigCascade/Bodu.Text.Configuration.Samples.ConfigCascade.csproj" />
  </Folder>
  <Folder Name="/Samples/Text.Encoding/">
    <Project Path="samples/Text.Encoding/Bodu.Text.Encoding.Samples.CustomEncoding.Test/Bodu.Text.Encoding.Samples.CustomEncoding.Test.csproj" />
    <Project Path="samples/Text.Encoding/Bodu.Text.Encoding.Samples.CustomEncoding/Bodu.Text.Encoding.Samples.CustomEncoding.csproj" />
    <Project Path="samples/Text.Encoding/Bodu.Text.Encoding.Samples.EncodingTour/Bodu.Text.Encoding.Samples.EncodingTour.csproj" />
  </Folder>
  <Folder Name="/Samples/Text.Formats/">
    <Project Path="samples/Text.Formats/Bodu.Text.Formats.Samples.ConfigFiles/Bodu.Text.Formats.Samples.ConfigFiles.csproj" />
    <Project Path="samples/Text.Formats/Bodu.Text.Formats.Samples.DelimitedData/Bodu.Text.Formats.Samples.DelimitedData.csproj" />
  </Folder>
  <Folder Name="/Samples/Text.Toml/">
    <Project Path="samples/Text.Toml/Bodu.Text.Toml.Samples.TomlBasics/Bodu.Text.Toml.Samples.TomlBasics.csproj" />
    <Project Path="samples/Text.Toml/Bodu.Text.Toml.Samples.TomlDocuments/Bodu.Text.Toml.Samples.TomlDocuments.csproj" />
  </Folder>
  <Folder Name="/Samples/Text.Yaml/">
    <Project Path="samples/Text.Yaml/Bodu.Text.Yaml.Samples.YamlBasics/Bodu.Text.Yaml.Samples.YamlBasics.csproj" />
    <Project Path="samples/Text.Yaml/Bodu.Text.Yaml.Samples.YamlDocuments/Bodu.Text.Yaml.Samples.YamlDocuments.csproj" />
  </Folder>
  <Project Path="Bodu.Test\test\Bodu.Test.csproj" />
  <Project Path="docs\doc.csproj" />
</Solution>
